
Microsoft Visual Studio Solution File, Format Version 12.00
# Visual Studio Version 17
VisualStudioVersion = 17.13.35825.156 d17.13
MinimumVisualStudioVersion = 10.0.40219.1
Project("{FAE04EC0-301F-11D3-BF4B-00C04F79EFBC}") = "Ecomerce", "Ecomerce\Ecomerce.csproj", "{C15D80F1-EF2C-449C-830C-2ABBD152D4DF}"
EndProject
Global
	GlobalSection(SolutionConfigurationPlatforms) = preSolution
		Debug|Any CPU = Debug|Any CPU
		Release|Any CPU = Release|Any CPU
	EndGlobalSection
	GlobalSection(ProjectConfigurationPlatforms) = postSolution
		{C15D80F1-EF2C-449C-830C-2ABBD152D4DF}.Debug|Any CPU.ActiveCfg = Debug|Any CPU
		{C15D80F1-EF2C-449C-830C-2ABBD152D4DF}.Debug|Any CPU.Build.0 = Debug|Any CPU
		{C15D80F1-EF2C-449C-830C-2ABBD152D4DF}.Release|Any CPU.ActiveCfg = Release|Any CPU
		{C15D80F1-EF2C-449C-830C-2ABBD152D4DF}.Release|Any CPU.Build.0 = Release|Any CPU
	EndGlobalSection
	GlobalSection(SolutionProperties) = preSolution
		HideSolutionNode = FALSE
	EndGlobalSection
	GlobalSection(ExtensibilityGlobals) = postSolution
		SolutionGuid = {0DF1A76C-6860-4F62-8085-EB0E1BC8CB9C}
	EndGlobalSection
EndGlobal
